
Microsoft Visual Studio Solution File, Format Version 12.00
# Visual Studio 2012
VisualStudioVersion = 14.0.24720.0
MinimumVisualStudioVersion = 10.0.40219.1
Project("{f2a71f9b-5d33-465a-a702-920d77279786}") = "TinyRest", "TinyRest\TinyRest.fsproj", "{4968FE42-5346-419F-AD92-8B0AD866A10D}"
EndProject
Project("{FAE04EC0-301F-11D3-BF4B-00C04F79EFBC}") = "TinyRest.CSharpExample", "TinyRest.CSharpExample\TinyRest.CSharpExample.csproj", "{E59A5690-3CA0-4BE2-A65B-A82D1C7D0016}"
EndProject
Project("{2150E333-8FDC-42A3-9474-1A3956D46DE8}") = "Solution Items", "Solution Items", "{2A1CFF92-2DFB-4F15-A0E7-3E2E087BDA5A}"
	ProjectSection(SolutionItems) = preProject
		build.bat = build.bat
		build.fsx = build.fsx
		TinyRest.nuspec = TinyRest.nuspec
		build.sh = build.sh
	EndProjectSection
EndProject
Project("{2150E333-8FDC-42A3-9474-1A3956D46DE8}") = ".nuget", ".nuget", "{F050DD80-3B8F-4AEE-BE3F-72A927CCEC7E}"
	ProjectSection(SolutionItems) = preProject
		.nuget\NuGet.Config = .nuget\NuGet.Config
		.nuget\NuGet.exe = .nuget\NuGet.exe
		.nuget\NuGet.targets = .nuget\NuGet.targets
		.nuget\packages.config = .nuget\packages.config
	EndProjectSection
EndProject
Project("{2150E333-8FDC-42A3-9474-1A3956D46DE8}") = "Android", "Android", "{B7E1EAC1-1322-401C-AFA0-57EF57180EBF}"
EndProject
Project("{f2a71f9b-5d33-465a-a702-920d77279786}") = "TinyRest.Droid", "TinyRest.Droid\TinyRest.Droid.fsproj", "{594E12D5-D071-41E0-ACA7-84B72CB6B707}"
EndProject
Project("{f2a71f9b-5d33-465a-a702-920d77279786}") = "TinyRest.Droid.Example", "TinyRest.Droid.Example\TinyRest.Droid.Example.fsproj", "{8435EBAA-F90A-4D57-BF8F-91470E65F72A}"
EndProject
Project("{2150E333-8FDC-42A3-9474-1A3956D46DE8}") = "Ios", "Ios", "{A4F36B24-642B-45C2-A3D5-3090B74CD67D}"
EndProject
Project("{f2a71f9b-5d33-465a-a702-920d77279786}") = "TinyRest.iOS.Core", "TinyRest.iOS.Core\TinyRest.iOS.Core.fsproj", "{0EEC2269-739A-43C7-A104-81F083695915}"
EndProject
Project("{f2a71f9b-5d33-465a-a702-920d77279786}") = "TinyRest.iOS.Sample", "TinyRest.iOS.Sample\TinyRest.iOS.Sample.fsproj", "{5163A1A8-D45B-4289-8BDB-6C31260414D5}"
EndProject
Project("{f2a71f9b-5d33-465a-a702-920d77279786}") = "TinyRest.PclExample", "TinyRest.PclExample\TinyRest.PclExample.fsproj", "{01305B61-A0EE-462A-AF7C-041A0D014E7C}"
EndProject
Project("{FAE04EC0-301F-11D3-BF4B-00C04F79EFBC}") = "TinyRest.CSharpPCLExample", "TinyRest.CSharpPCLExample\TinyRest.CSharpPCLExample.csproj", "{1DCF4C46-7A99-4EE4-802C-4135D550E89F}"
EndProject
Project("{f2a71f9b-5d33-465a-a702-920d77279786}") = "TinyRest.ConsoleExample", "TinyRest.ConsoleExample\TinyRest.ConsoleExample.fsproj", "{A150BFF4-DFDB-4B0C-AD7F-DB1E7BFF544D}"
EndProject
Project("{f2a71f9b-5d33-465a-a702-920d77279786}") = "TinyRest.Pcl259", "TinyRest.Pcl259\TinyRest.Pcl259.fsproj", "{18431B00-4D93-4180-8D95-6342D24B0F82}"
EndProject
Project("{f2a71f9b-5d33-465a-a702-920d77279786}") = "TinyRest.Pcl78", "TinyRest.Pcl78\TinyRest.Pcl78.fsproj", "{2B3075A7-15F8-42D1-A2C8-D017E1507DCC}"
EndProject
Project("{f2a71f9b-5d33-465a-a702-920d77279786}") = "TinyRest.Pcl47", "TinyRest.Pcl47\TinyRest.Pcl47.fsproj", "{69AFF4C6-C1F0-443D-95CF-C287BE578B33}"
EndProject
Project("{2150E333-8FDC-42A3-9474-1A3956D46DE8}") = "IIS", "IIS", "{E20C8BA9-1ACE-4FBF-85E9-B584F3EBF132}"
EndProject
Project("{FAE04EC0-301F-11D3-BF4B-00C04F79EFBC}") = "TinyRest.IIS.HostingSample", "TinyRest.IIS.HostingSample\TinyRest.IIS.HostingSample.csproj", "{6F93232D-573D-4A76-994C-70B114F7DC85}"
EndProject
Project("{f2a71f9b-5d33-465a-a702-920d77279786}") = "TinyRest.IIS", "TinyRest.IIS\TinyRest.IIS.fsproj", "{E3EE9CED-F2DF-4B5D-ADDC-1EADB4219E09}"
EndProject
Project("{f2a71f9b-5d33-465a-a702-920d77279786}") = "TinyRest.IIS.Sample", "TinyRest.IIS.Sample\TinyRest.IIS.Sample.fsproj", "{DBC61762-74CD-4597-87FC-DB53B7D4E735}"
EndProject
Project("{f2a71f9b-5d33-465a-a702-920d77279786}") = "TinyRest.Pcl7", "TinyRest.Pcl7\TinyRest.Pcl7.fsproj", "{85236BFA-52D9-4FC5-9B63-4092E1007BA5}"
EndProject
Project("{f2a71f9b-5d33-465a-a702-920d77279786}") = "TinyRest-PCL", "TinyRest-PCL\TinyRest-PCL.fsproj", "{934B5323-D59F-49BC-AC5C-ECAA5CE10803}"
EndProject
Global
	GlobalSection(SolutionConfigurationPlatforms) = preSolution
		Ad-Hoc|Any CPU = Ad-Hoc|Any CPU
		Ad-Hoc|iPhone = Ad-Hoc|iPhone
		Ad-Hoc|iPhoneSimulator = Ad-Hoc|iPhoneSimulator
		Ad-Hoc|Mixed Platforms = Ad-Hoc|Mixed Platforms
		AppStore|Any CPU = AppStore|Any CPU
		AppStore|iPhone = AppStore|iPhone
		AppStore|iPhoneSimulator = AppStore|iPhoneSimulator
		AppStore|Mixed Platforms = AppStore|Mixed Platforms
		Debug|Any CPU = Debug|Any CPU
		Debug|iPhone = Debug|iPhone
		Debug|iPhoneSimulator = Debug|iPhoneSimulator
		Debug|Mixed Platforms = Debug|Mixed Platforms
		Release|Any CPU = Release|Any CPU
		Release|iPhone = Release|iPhone
		Release|iPhoneSimulator = Release|iPhoneSimulator
		Release|Mixed Platforms = Release|Mixed Platforms
	EndGlobalSection
	GlobalSection(ProjectConfigurationPlatforms) = postSolution
		{01305B61-A0EE-462A-AF7C-041A0D014E7C}.Ad-Hoc|Any CPU.ActiveCfg = Release|Any CPU
		{01305B61-A0EE-462A-AF7C-041A0D014E7C}.Ad-Hoc|Any CPU.Build.0 = Release|Any CPU
		{01305B61-A0EE-462A-AF7C-041A0D014E7C}.Ad-Hoc|iPhone.ActiveCfg = Release|Any CPU
		{01305B61-A0EE-462A-AF7C-041A0D014E7C}.Ad-Hoc|iPhoneSimulator.ActiveCfg = Release|Any CPU
		{01305B61-A0EE-462A-AF7C-041A0D014E7C}.Ad-Hoc|Mixed Platforms.ActiveCfg = Release|Any CPU
		{01305B61-A0EE-462A-AF7C-041A0D014E7C}.Ad-Hoc|Mixed Platforms.Build.0 = Release|Any CPU
		{01305B61-A0EE-462A-AF7C-041A0D014E7C}.AppStore|Any CPU.ActiveCfg = Release|Any CPU
		{01305B61-A0EE-462A-AF7C-041A0D014E7C}.AppStore|Any CPU.Build.0 = Release|Any CPU
		{01305B61-A0EE-462A-AF7C-041A0D014E7C}.AppStore|iPhone.ActiveCfg = Release|Any CPU
		{01305B61-A0EE-462A-AF7C-041A0D014E7C}.AppStore|iPhoneSimulator.ActiveCfg = Release|Any CPU
		{01305B61-A0EE-462A-AF7C-041A0D014E7C}.AppStore|Mixed Platforms.ActiveCfg = Release|Any CPU
		{01305B61-A0EE-462A-AF7C-041A0D014E7C}.AppStore|Mixed Platforms.Build.0 = Release|Any CPU
		{01305B61-A0EE-462A-AF7C-041A0D014E7C}.Debug|Any CPU.ActiveCfg = Debug|Any CPU
		{01305B61-A0EE-462A-AF7C-041A0D014E7C}.Debug|Any CPU.Build.0 = Debug|Any CPU
		{01305B61-A0EE-462A-AF7C-041A0D014E7C}.Debug|iPhone.ActiveCfg = Debug|Any CPU
		{01305B61-A0EE-462A-AF7C-041A0D014E7C}.Debug|iPhoneSimulator.ActiveCfg = Debug|Any CPU
		{01305B61-A0EE-462A-AF7C-041A0D014E7C}.Debug|Mixed Platforms.ActiveCfg = Debug|Any CPU
		{01305B61-A0EE-462A-AF7C-041A0D014E7C}.Debug|Mixed Platforms.Build.0 = Debug|Any CPU
		{01305B61-A0EE-462A-AF7C-041A0D014E7C}.Release|Any CPU.ActiveCfg = Release|Any CPU
		{01305B61-A0EE-462A-AF7C-041A0D014E7C}.Release|Any CPU.Build.0 = Release|Any CPU
		{01305B61-A0EE-462A-AF7C-041A0D014E7C}.Release|iPhone.ActiveCfg = Release|Any CPU
		{01305B61-A0EE-462A-AF7C-041A0D014E7C}.Release|iPhoneSimulator.ActiveCfg = Release|Any CPU
		{01305B61-A0EE-462A-AF7C-041A0D014E7C}.Release|Mixed Platforms.ActiveCfg = Release|Any CPU
		{01305B61-A0EE-462A-AF7C-041A0D014E7C}.Release|Mixed Platforms.Build.0 = Release|Any CPU
		{0EEC2269-739A-43C7-A104-81F083695915}.Ad-Hoc|Any CPU.ActiveCfg = Release|Any CPU
		{0EEC2269-739A-43C7-A104-81F083695915}.Ad-Hoc|Any CPU.Build.0 = Release|Any CPU
		{0EEC2269-739A-43C7-A104-81F083695915}.Ad-Hoc|iPhone.ActiveCfg = Release|Any CPU
		{0EEC2269-739A-43C7-A104-81F083695915}.Ad-Hoc|iPhone.Build.0 = Release|Any CPU
		{0EEC2269-739A-43C7-A104-81F083695915}.Ad-Hoc|iPhoneSimulator.ActiveCfg = Release|Any CPU
		{0EEC2269-739A-43C7-A104-81F083695915}.Ad-Hoc|iPhoneSimulator.Build.0 = Release|Any CPU
		{0EEC2269-739A-43C7-A104-81F083695915}.Ad-Hoc|Mixed Platforms.ActiveCfg = Release|Any CPU
		{0EEC2269-739A-43C7-A104-81F083695915}.Ad-Hoc|Mixed Platforms.Build.0 = Release|Any CPU
		{0EEC2269-739A-43C7-A104-81F083695915}.AppStore|Any CPU.ActiveCfg = Release|Any CPU
		{0EEC2269-739A-43C7-A104-81F083695915}.AppStore|Any CPU.Build.0 = Release|Any CPU
		{0EEC2269-739A-43C7-A104-81F083695915}.AppStore|iPhone.ActiveCfg = Release|Any CPU
		{0EEC2269-739A-43C7-A104-81F083695915}.AppStore|iPhone.Build.0 = Release|Any CPU
		{0EEC2269-739A-43C7-A104-81F083695915}.AppStore|iPhoneSimulator.ActiveCfg = Release|Any CPU
		{0EEC2269-739A-43C7-A104-81F083695915}.AppStore|iPhoneSimulator.Build.0 = Release|Any CPU
		{0EEC2269-739A-43C7-A104-81F083695915}.AppStore|Mixed Platforms.ActiveCfg = Release|Any CPU
		{0EEC2269-739A-43C7-A104-81F083695915}.AppStore|Mixed Platforms.Build.0 = Release|Any CPU
		{0EEC2269-739A-43C7-A104-81F083695915}.Debug|Any CPU.ActiveCfg = Debug|Any CPU
		{0EEC2269-739A-43C7-A104-81F083695915}.Debug|Any CPU.Build.0 = Debug|Any CPU
		{0EEC2269-739A-43C7-A104-81F083695915}.Debug|iPhone.ActiveCfg = Debug|Any CPU
		{0EEC2269-739A-43C7-A104-81F083695915}.Debug|iPhone.Build.0 = Debug|Any CPU
		{0EEC2269-739A-43C7-A104-81F083695915}.Debug|iPhoneSimulator.ActiveCfg = Debug|Any CPU
		{0EEC2269-739A-43C7-A104-81F083695915}.Debug|iPhoneSimulator.Build.0 = Debug|Any CPU
		{0EEC2269-739A-43C7-A104-81F083695915}.Debug|Mixed Platforms.ActiveCfg = Debug|Any CPU
		{0EEC2269-739A-43C7-A104-81F083695915}.Debug|Mixed Platforms.Build.0 = Debug|Any CPU
		{0EEC2269-739A-43C7-A104-81F083695915}.Release|Any CPU.ActiveCfg = Release|Any CPU
		{0EEC2269-739A-43C7-A104-81F083695915}.Release|Any CPU.Build.0 = Release|Any CPU
		{0EEC2269-739A-43C7-A104-81F083695915}.Release|iPhone.ActiveCfg = Release|Any CPU
		{0EEC2269-739A-43C7-A104-81F083695915}.Release|iPhone.Build.0 = Release|Any CPU
		{0EEC2269-739A-43C7-A104-81F083695915}.Release|iPhoneSimulator.ActiveCfg = Release|Any CPU
		{0EEC2269-739A-43C7-A104-81F083695915}.Release|iPhoneSimulator.Build.0 = Release|Any CPU
		{0EEC2269-739A-43C7-A104-81F083695915}.Release|Mixed Platforms.ActiveCfg = Release|Any CPU
		{0EEC2269-739A-43C7-A104-81F083695915}.Release|Mixed Platforms.Build.0 = Release|Any CPU
		{18431B00-4D93-4180-8D95-6342D24B0F82}.Ad-Hoc|Any CPU.ActiveCfg = Release|Any CPU
		{18431B00-4D93-4180-8D95-6342D24B0F82}.Ad-Hoc|Any CPU.Build.0 = Release|Any CPU
		{18431B00-4D93-4180-8D95-6342D24B0F82}.Ad-Hoc|iPhone.ActiveCfg = Release|Any CPU
		{18431B00-4D93-4180-8D95-6342D24B0F82}.Ad-Hoc|iPhone.Build.0 = Release|Any CPU
		{18431B00-4D93-4180-8D95-6342D24B0F82}.Ad-Hoc|iPhoneSimulator.ActiveCfg = Release|Any CPU
		{18431B00-4D93-4180-8D95-6342D24B0F82}.Ad-Hoc|iPhoneSimulator.Build.0 = Release|Any CPU
		{18431B00-4D93-4180-8D95-6342D24B0F82}.Ad-Hoc|Mixed Platforms.ActiveCfg = Release|Any CPU
		{18431B00-4D93-4180-8D95-6342D24B0F82}.Ad-Hoc|Mixed Platforms.Build.0 = Release|Any CPU
		{18431B00-4D93-4180-8D95-6342D24B0F82}.AppStore|Any CPU.ActiveCfg = Release|Any CPU
		{18431B00-4D93-4180-8D95-6342D24B0F82}.AppStore|Any CPU.Build.0 = Release|Any CPU
		{18431B00-4D93-4180-8D95-6342D24B0F82}.AppStore|iPhone.ActiveCfg = Release|Any CPU
		{18431B00-4D93-4180-8D95-6342D24B0F82}.AppStore|iPhone.Build.0 = Release|Any CPU
		{18431B00-4D93-4180-8D95-6342D24B0F82}.AppStore|iPhoneSimulator.ActiveCfg = Release|Any CPU
		{18431B00-4D93-4180-8D95-6342D24B0F82}.AppStore|iPhoneSimulator.Build.0 = Release|Any CPU
		{18431B00-4D93-4180-8D95-6342D24B0F82}.AppStore|Mixed Platforms.ActiveCfg = Release|Any CPU
		{18431B00-4D93-4180-8D95-6342D24B0F82}.AppStore|Mixed Platforms.Build.0 = Release|Any CPU
		{18431B00-4D93-4180-8D95-6342D24B0F82}.Debug|Any CPU.ActiveCfg = Debug|Any CPU
		{18431B00-4D93-4180-8D95-6342D24B0F82}.Debug|Any CPU.Build.0 = Debug|Any CPU
		{18431B00-4D93-4180-8D95-6342D24B0F82}.Debug|iPhone.ActiveCfg = Debug|Any CPU
		{18431B00-4D93-4180-8D95-6342D24B0F82}.Debug|iPhone.Build.0 = Debug|Any CPU
		{18431B00-4D93-4180-8D95-6342D24B0F82}.Debug|iPhoneSimulator.ActiveCfg = Debug|Any CPU
		{18431B00-4D93-4180-8D95-6342D24B0F82}.Debug|iPhoneSimulator.Build.0 = Debug|Any CPU
		{18431B00-4D93-4180-8D95-6342D24B0F82}.Debug|Mixed Platforms.ActiveCfg = Debug|Any CPU
		{18431B00-4D93-4180-8D95-6342D24B0F82}.Debug|Mixed Platforms.Build.0 = Debug|Any CPU
		{18431B00-4D93-4180-8D95-6342D24B0F82}.Release|Any CPU.ActiveCfg = Release|Any CPU
		{18431B00-4D93-4180-8D95-6342D24B0F82}.Release|Any CPU.Build.0 = Release|Any CPU
		{18431B00-4D93-4180-8D95-6342D24B0F82}.Release|iPhone.ActiveCfg = Release|Any CPU
		{18431B00-4D93-4180-8D95-6342D24B0F82}.Release|iPhone.Build.0 = Release|Any CPU
		{18431B00-4D93-4180-8D95-6342D24B0F82}.Release|iPhoneSimulator.ActiveCfg = Release|Any CPU
		{18431B00-4D93-4180-8D95-6342D24B0F82}.Release|iPhoneSimulator.Build.0 = Release|Any CPU
		{18431B00-4D93-4180-8D95-6342D24B0F82}.Release|Mixed Platforms.ActiveCfg = Release|Any CPU
		{18431B00-4D93-4180-8D95-6342D24B0F82}.Release|Mixed Platforms.Build.0 = Release|Any CPU
		{1DCF4C46-7A99-4EE4-802C-4135D550E89F}.Ad-Hoc|Any CPU.ActiveCfg = Release|Any CPU
		{1DCF4C46-7A99-4EE4-802C-4135D550E89F}.Ad-Hoc|Any CPU.Build.0 = Release|Any CPU
		{1DCF4C46-7A99-4EE4-802C-4135D550E89F}.Ad-Hoc|iPhone.ActiveCfg = Release|Any CPU
		{1DCF4C46-7A99-4EE4-802C-4135D550E89F}.Ad-Hoc|iPhoneSimulator.ActiveCfg = Release|Any CPU
		{1DCF4C46-7A99-4EE4-802C-4135D550E89F}.Ad-Hoc|Mixed Platforms.ActiveCfg = Release|Any CPU
		{1DCF4C46-7A99-4EE4-802C-4135D550E89F}.Ad-Hoc|Mixed Platforms.Build.0 = Release|Any CPU
		{1DCF4C46-7A99-4EE4-802C-4135D550E89F}.AppStore|Any CPU.ActiveCfg = Release|Any CPU
		{1DCF4C46-7A99-4EE4-802C-4135D550E89F}.AppStore|Any CPU.Build.0 = Release|Any CPU
		{1DCF4C46-7A99-4EE4-802C-4135D550E89F}.AppStore|iPhone.ActiveCfg = Release|Any CPU
		{1DCF4C46-7A99-4EE4-802C-4135D550E89F}.AppStore|iPhoneSimulator.ActiveCfg = Release|Any CPU
		{1DCF4C46-7A99-4EE4-802C-4135D550E89F}.AppStore|Mixed Platforms.ActiveCfg = Release|Any CPU
		{1DCF4C46-7A99-4EE4-802C-4135D550E89F}.AppStore|Mixed Platforms.Build.0 = Release|Any CPU
		{1DCF4C46-7A99-4EE4-802C-4135D550E89F}.Debug|Any CPU.ActiveCfg = Debug|Any CPU
		{1DCF4C46-7A99-4EE4-802C-4135D550E89F}.Debug|Any CPU.Build.0 = Debug|Any CPU
		{1DCF4C46-7A99-4EE4-802C-4135D550E89F}.Debug|iPhone.ActiveCfg = Debug|Any CPU
		{1DCF4C46-7A99-4EE4-802C-4135D550E89F}.Debug|iPhoneSimulator.ActiveCfg = Debug|Any CPU
		{1DCF4C46-7A99-4EE4-802C-4135D550E89F}.Debug|Mixed Platforms.ActiveCfg = Debug|Any CPU
		{1DCF4C46-7A99-4EE4-802C-4135D550E89F}.Debug|Mixed Platforms.Build.0 = Debug|Any CPU
		{1DCF4C46-7A99-4EE4-802C-4135D550E89F}.Release|Any CPU.ActiveCfg = Release|Any CPU
		{1DCF4C46-7A99-4EE4-802C-4135D550E89F}.Release|Any CPU.Build.0 = Release|Any CPU
		{1DCF4C46-7A99-4EE4-802C-4135D550E89F}.Release|iPhone.ActiveCfg = Release|Any CPU
		{1DCF4C46-7A99-4EE4-802C-4135D550E89F}.Release|iPhoneSimulator.ActiveCfg = Release|Any CPU
		{1DCF4C46-7A99-4EE4-802C-4135D550E89F}.Release|Mixed Platforms.ActiveCfg = Release|Any CPU
		{1DCF4C46-7A99-4EE4-802C-4135D550E89F}.Release|Mixed Platforms.Build.0 = Release|Any CPU
		{2B3075A7-15F8-42D1-A2C8-D017E1507DCC}.Ad-Hoc|Any CPU.ActiveCfg = Release|Any CPU
		{2B3075A7-15F8-42D1-A2C8-D017E1507DCC}.Ad-Hoc|Any CPU.Build.0 = Release|Any CPU
		{2B3075A7-15F8-42D1-A2C8-D017E1507DCC}.Ad-Hoc|iPhone.ActiveCfg = Release|Any CPU
		{2B3075A7-15F8-42D1-A2C8-D017E1507DCC}.Ad-Hoc|iPhone.Build.0 = Release|Any CPU
		{2B3075A7-15F8-42D1-A2C8-D017E1507DCC}.Ad-Hoc|iPhoneSimulator.ActiveCfg = Release|Any CPU
		{2B3075A7-15F8-42D1-A2C8-D017E1507DCC}.Ad-Hoc|iPhoneSimulator.Build.0 = Release|Any CPU
		{2B3075A7-15F8-42D1-A2C8-D017E1507DCC}.Ad-Hoc|Mixed Platforms.ActiveCfg = Release|Any CPU
		{2B3075A7-15F8-42D1-A2C8-D017E1507DCC}.Ad-Hoc|Mixed Platforms.Build.0 = Release|Any CPU
		{2B3075A7-15F8-42D1-A2C8-D017E1507DCC}.AppStore|Any CPU.ActiveCfg = Release|Any CPU
		{2B3075A7-15F8-42D1-A2C8-D017E1507DCC}.AppStore|Any CPU.Build.0 = Release|Any CPU
		{2B3075A7-15F8-42D1-A2C8-D017E1507DCC}.AppStore|iPhone.ActiveCfg = Release|Any CPU
		{2B3075A7-15F8-42D1-A2C8-D017E1507DCC}.AppStore|iPhone.Build.0 = Release|Any CPU
		{2B3075A7-15F8-42D1-A2C8-D017E1507DCC}.AppStore|iPhoneSimulator.ActiveCfg = Release|Any CPU
		{2B3075A7-15F8-42D1-A2C8-D017E1507DCC}.AppStore|iPhoneSimulator.Build.0 = Release|Any CPU
		{2B3075A7-15F8-42D1-A2C8-D017E1507DCC}.AppStore|Mixed Platforms.ActiveCfg = Release|Any CPU
		{2B3075A7-15F8-42D1-A2C8-D017E1507DCC}.AppStore|Mixed Platforms.Build.0 = Release|Any CPU
		{2B3075A7-15F8-42D1-A2C8-D017E1507DCC}.Debug|Any CPU.ActiveCfg = Debug|Any CPU
		{2B3075A7-15F8-42D1-A2C8-D017E1507DCC}.Debug|Any CPU.Build.0 = Debug|Any CPU
		{2B3075A7-15F8-42D1-A2C8-D017E1507DCC}.Debug|iPhone.ActiveCfg = Debug|Any CPU
		{2B3075A7-15F8-42D1-A2C8-D017E1507DCC}.Debug|iPhone.Build.0 = Debug|Any CPU
		{2B3075A7-15F8-42D1-A2C8-D017E1507DCC}.Debug|iPhoneSimulator.ActiveCfg = Debug|Any CPU
		{2B3075A7-15F8-42D1-A2C8-D017E1507DCC}.Debug|iPhoneSimulator.Build.0 = Debug|Any CPU
		{2B3075A7-15F8-42D1-A2C8-D017E1507DCC}.Debug|Mixed Platforms.ActiveCfg = Debug|Any CPU
		{2B3075A7-15F8-42D1-A2C8-D017E1507DCC}.Debug|Mixed Platforms.Build.0 = Debug|Any CPU
		{2B3075A7-15F8-42D1-A2C8-D017E1507DCC}.Release|Any CPU.ActiveCfg = Release|Any CPU
		{2B3075A7-15F8-42D1-A2C8-D017E1507DCC}.Release|Any CPU.Build.0 = Release|Any CPU
		{2B3075A7-15F8-42D1-A2C8-D017E1507DCC}.Release|iPhone.ActiveCfg = Release|Any CPU
		{2B3075A7-15F8-42D1-A2C8-D017E1507DCC}.Release|iPhone.Build.0 = Release|Any CPU
		{2B3075A7-15F8-42D1-A2C8-D017E1507DCC}.Release|iPhoneSimulator.ActiveCfg = Release|Any CPU
		{2B3075A7-15F8-42D1-A2C8-D017E1507DCC}.Release|iPhoneSimulator.Build.0 = Release|Any CPU
		{2B3075A7-15F8-42D1-A2C8-D017E1507DCC}.Release|Mixed Platforms.ActiveCfg = Release|Any CPU
		{2B3075A7-15F8-42D1-A2C8-D017E1507DCC}.Release|Mixed Platforms.Build.0 = Release|Any CPU
		{4968FE42-5346-419F-AD92-8B0AD866A10D}.Ad-Hoc|Any CPU.ActiveCfg = Release|Any CPU
		{4968FE42-5346-419F-AD92-8B0AD866A10D}.Ad-Hoc|Any CPU.Build.0 = Release|Any CPU
		{4968FE42-5346-419F-AD92-8B0AD866A10D}.Ad-Hoc|iPhone.ActiveCfg = Release|Any CPU
		{4968FE42-5346-419F-AD92-8B0AD866A10D}.Ad-Hoc|iPhoneSimulator.ActiveCfg = Release|Any CPU
		{4968FE42-5346-419F-AD92-8B0AD866A10D}.Ad-Hoc|Mixed Platforms.ActiveCfg = Release|Any CPU
		{4968FE42-5346-419F-AD92-8B0AD866A10D}.Ad-Hoc|Mixed Platforms.Build.0 = Release|Any CPU
		{4968FE42-5346-419F-AD92-8B0AD866A10D}.AppStore|Any CPU.ActiveCfg = Release|Any CPU
		{4968FE42-5346-419F-AD92-8B0AD866A10D}.AppStore|Any CPU.Build.0 = Release|Any CPU
		{4968FE42-5346-419F-AD92-8B0AD866A10D}.AppStore|iPhone.ActiveCfg = Release|Any CPU
		{4968FE42-5346-419F-AD92-8B0AD866A10D}.AppStore|iPhoneSimulator.ActiveCfg = Release|Any CPU
		{4968FE42-5346-419F-AD92-8B0AD866A10D}.AppStore|Mixed Platforms.ActiveCfg = Release|Any CPU
		{4968FE42-5346-419F-AD92-8B0AD866A10D}.AppStore|Mixed Platforms.Build.0 = Release|Any CPU
		{4968FE42-5346-419F-AD92-8B0AD866A10D}.Debug|Any CPU.ActiveCfg = Debug|Any CPU
		{4968FE42-5346-419F-AD92-8B0AD866A10D}.Debug|Any CPU.Build.0 = Debug|Any CPU
		{4968FE42-5346-419F-AD92-8B0AD866A10D}.Debug|iPhone.ActiveCfg = Debug|Any CPU
		{4968FE42-5346-419F-AD92-8B0AD866A10D}.Debug|iPhoneSimulator.ActiveCfg = Debug|Any CPU
		{4968FE42-5346-419F-AD92-8B0AD866A10D}.Debug|Mixed Platforms.ActiveCfg = Debug|Any CPU
		{4968FE42-5346-419F-AD92-8B0AD866A10D}.Debug|Mixed Platforms.Build.0 = Debug|Any CPU
		{4968FE42-5346-419F-AD92-8B0AD866A10D}.Release|Any CPU.ActiveCfg = Release|Any CPU
		{4968FE42-5346-419F-AD92-8B0AD866A10D}.Release|Any CPU.Build.0 = Release|Any CPU
		{4968FE42-5346-419F-AD92-8B0AD866A10D}.Release|iPhone.ActiveCfg = Release|Any CPU
		{4968FE42-5346-419F-AD92-8B0AD866A10D}.Release|iPhoneSimulator.ActiveCfg = Release|Any CPU
		{4968FE42-5346-419F-AD92-8B0AD866A10D}.Release|Mixed Platforms.ActiveCfg = Release|Any CPU
		{4968FE42-5346-419F-AD92-8B0AD866A10D}.Release|Mixed Platforms.Build.0 = Release|Any CPU
		{5163A1A8-D45B-4289-8BDB-6C31260414D5}.Ad-Hoc|Any CPU.ActiveCfg = Release|iPhone
		{5163A1A8-D45B-4289-8BDB-6C31260414D5}.Ad-Hoc|Any CPU.Build.0 = Release|iPhone
		{5163A1A8-D45B-4289-8BDB-6C31260414D5}.Ad-Hoc|iPhone.ActiveCfg = Release|iPhone
		{5163A1A8-D45B-4289-8BDB-6C31260414D5}.Ad-Hoc|iPhone.Build.0 = Release|iPhone
		{5163A1A8-D45B-4289-8BDB-6C31260414D5}.Ad-Hoc|iPhoneSimulator.ActiveCfg = Release|iPhone
		{5163A1A8-D45B-4289-8BDB-6C31260414D5}.Ad-Hoc|iPhoneSimulator.Build.0 = Release|iPhone
		{5163A1A8-D45B-4289-8BDB-6C31260414D5}.Ad-Hoc|Mixed Platforms.ActiveCfg = Release|iPhone
		{5163A1A8-D45B-4289-8BDB-6C31260414D5}.Ad-Hoc|Mixed Platforms.Build.0 = Release|iPhone
		{5163A1A8-D45B-4289-8BDB-6C31260414D5}.AppStore|Any CPU.ActiveCfg = Release|iPhone
		{5163A1A8-D45B-4289-8BDB-6C31260414D5}.AppStore|Any CPU.Build.0 = Release|iPhone
		{5163A1A8-D45B-4289-8BDB-6C31260414D5}.AppStore|iPhone.ActiveCfg = Release|iPhone
		{5163A1A8-D45B-4289-8BDB-6C31260414D5}.AppStore|iPhone.Build.0 = Release|iPhone
		{5163A1A8-D45B-4289-8BDB-6C31260414D5}.AppStore|iPhoneSimulator.ActiveCfg = Release|iPhone
		{5163A1A8-D45B-4289-8BDB-6C31260414D5}.AppStore|iPhoneSimulator.Build.0 = Release|iPhone
		{5163A1A8-D45B-4289-8BDB-6C31260414D5}.AppStore|Mixed Platforms.ActiveCfg = Release|iPhone
		{5163A1A8-D45B-4289-8BDB-6C31260414D5}.AppStore|Mixed Platforms.Build.0 = Release|iPhone
		{5163A1A8-D45B-4289-8BDB-6C31260414D5}.Debug|Any CPU.ActiveCfg = Debug|iPhone
		{5163A1A8-D45B-4289-8BDB-6C31260414D5}.Debug|Any CPU.Build.0 = Debug|iPhone
		{5163A1A8-D45B-4289-8BDB-6C31260414D5}.Debug|iPhone.ActiveCfg = Debug|iPhone
		{5163A1A8-D45B-4289-8BDB-6C31260414D5}.Debug|iPhone.Build.0 = Debug|iPhone
		{5163A1A8-D45B-4289-8BDB-6C31260414D5}.Debug|iPhoneSimulator.ActiveCfg = Debug|iPhoneSimulator
		{5163A1A8-D45B-4289-8BDB-6C31260414D5}.Debug|iPhoneSimulator.Build.0 = Debug|iPhoneSimulator
		{5163A1A8-D45B-4289-8BDB-6C31260414D5}.Debug|Mixed Platforms.ActiveCfg = Debug|iPhone
		{5163A1A8-D45B-4289-8BDB-6C31260414D5}.Debug|Mixed Platforms.Build.0 = Debug|iPhone
		{5163A1A8-D45B-4289-8BDB-6C31260414D5}.Release|Any CPU.ActiveCfg = Release|iPhone
		{5163A1A8-D45B-4289-8BDB-6C31260414D5}.Release|Any CPU.Build.0 = Release|iPhone
		{5163A1A8-D45B-4289-8BDB-6C31260414D5}.Release|iPhone.ActiveCfg = Release|iPhone
		{5163A1A8-D45B-4289-8BDB-6C31260414D5}.Release|iPhone.Build.0 = Release|iPhone
		{5163A1A8-D45B-4289-8BDB-6C31260414D5}.Release|iPhoneSimulator.ActiveCfg = Release|iPhoneSimulator
		{5163A1A8-D45B-4289-8BDB-6C31260414D5}.Release|iPhoneSimulator.Build.0 = Release|iPhoneSimulator
		{5163A1A8-D45B-4289-8BDB-6C31260414D5}.Release|Mixed Platforms.ActiveCfg = Release|iPhone
		{5163A1A8-D45B-4289-8BDB-6C31260414D5}.Release|Mixed Platforms.Build.0 = Release|iPhone
		{594E12D5-D071-41E0-ACA7-84B72CB6B707}.Ad-Hoc|Any CPU.ActiveCfg = Release|Any CPU
		{594E12D5-D071-41E0-ACA7-84B72CB6B707}.Ad-Hoc|Any CPU.Build.0 = Release|Any CPU
		{594E12D5-D071-41E0-ACA7-84B72CB6B707}.Ad-Hoc|iPhone.ActiveCfg = Release|Any CPU
		{594E12D5-D071-41E0-ACA7-84B72CB6B707}.Ad-Hoc|iPhoneSimulator.ActiveCfg = Release|Any CPU
		{594E12D5-D071-41E0-ACA7-84B72CB6B707}.Ad-Hoc|Mixed Platforms.ActiveCfg = Release|Any CPU
		{594E12D5-D071-41E0-ACA7-84B72CB6B707}.Ad-Hoc|Mixed Platforms.Build.0 = Release|Any CPU
		{594E12D5-D071-41E0-ACA7-84B72CB6B707}.AppStore|Any CPU.ActiveCfg = Release|Any CPU
		{594E12D5-D071-41E0-ACA7-84B72CB6B707}.AppStore|Any CPU.Build.0 = Release|Any CPU
		{594E12D5-D071-41E0-ACA7-84B72CB6B707}.AppStore|iPhone.ActiveCfg = Release|Any CPU
		{594E12D5-D071-41E0-ACA7-84B72CB6B707}.AppStore|iPhoneSimulator.ActiveCfg = Release|Any CPU
		{594E12D5-D071-41E0-ACA7-84B72CB6B707}.AppStore|Mixed Platforms.ActiveCfg = Release|Any CPU
		{594E12D5-D071-41E0-ACA7-84B72CB6B707}.AppStore|Mixed Platforms.Build.0 = Release|Any CPU
		{594E12D5-D071-41E0-ACA7-84B72CB6B707}.Debug|Any CPU.ActiveCfg = Debug|Any CPU
		{594E12D5-D071-41E0-ACA7-84B72CB6B707}.Debug|Any CPU.Build.0 = Debug|Any CPU
		{594E12D5-D071-41E0-ACA7-84B72CB6B707}.Debug|iPhone.ActiveCfg = Debug|Any CPU
		{594E12D5-D071-41E0-ACA7-84B72CB6B707}.Debug|iPhoneSimulator.ActiveCfg = Debug|Any CPU
		{594E12D5-D071-41E0-ACA7-84B72CB6B707}.Debug|Mixed Platforms.ActiveCfg = Debug|Any CPU
		{594E12D5-D071-41E0-ACA7-84B72CB6B707}.Debug|Mixed Platforms.Build.0 = Debug|Any CPU
		{594E12D5-D071-41E0-ACA7-84B72CB6B707}.Release|Any CPU.ActiveCfg = Release|Any CPU
		{594E12D5-D071-41E0-ACA7-84B72CB6B707}.Release|Any CPU.Build.0 = Release|Any CPU
		{594E12D5-D071-41E0-ACA7-84B72CB6B707}.Release|iPhone.ActiveCfg = Release|Any CPU
		{594E12D5-D071-41E0-ACA7-84B72CB6B707}.Release|iPhoneSimulator.ActiveCfg = Release|Any CPU
		{594E12D5-D071-41E0-ACA7-84B72CB6B707}.Release|Mixed Platforms.ActiveCfg = Release|Any CPU
		{594E12D5-D071-41E0-ACA7-84B72CB6B707}.Release|Mixed Platforms.Build.0 = Release|Any CPU
		{69AFF4C6-C1F0-443D-95CF-C287BE578B33}.Ad-Hoc|Any CPU.ActiveCfg = Release|Any CPU
		{69AFF4C6-C1F0-443D-95CF-C287BE578B33}.Ad-Hoc|Any CPU.Build.0 = Release|Any CPU
		{69AFF4C6-C1F0-443D-95CF-C287BE578B33}.Ad-Hoc|iPhone.ActiveCfg = Release|Any CPU
		{69AFF4C6-C1F0-443D-95CF-C287BE578B33}.Ad-Hoc|iPhone.Build.0 = Release|Any CPU
		{69AFF4C6-C1F0-443D-95CF-C287BE578B33}.Ad-Hoc|iPhoneSimulator.ActiveCfg = Release|Any CPU
		{69AFF4C6-C1F0-443D-95CF-C287BE578B33}.Ad-Hoc|iPhoneSimulator.Build.0 = Release|Any CPU
		{69AFF4C6-C1F0-443D-95CF-C287BE578B33}.Ad-Hoc|Mixed Platforms.ActiveCfg = Release|Any CPU
		{69AFF4C6-C1F0-443D-95CF-C287BE578B33}.Ad-Hoc|Mixed Platforms.Build.0 = Release|Any CPU
		{69AFF4C6-C1F0-443D-95CF-C287BE578B33}.AppStore|Any CPU.ActiveCfg = Release|Any CPU
		{69AFF4C6-C1F0-443D-95CF-C287BE578B33}.AppStore|Any CPU.Build.0 = Release|Any CPU
		{69AFF4C6-C1F0-443D-95CF-C287BE578B33}.AppStore|iPhone.ActiveCfg = Release|Any CPU
		{69AFF4C6-C1F0-443D-95CF-C287BE578B33}.AppStore|iPhone.Build.0 = Release|Any CPU
		{69AFF4C6-C1F0-443D-95CF-C287BE578B33}.AppStore|iPhoneSimulator.ActiveCfg = Release|Any CPU
		{69AFF4C6-C1F0-443D-95CF-C287BE578B33}.AppStore|iPhoneSimulator.Build.0 = Release|Any CPU
		{69AFF4C6-C1F0-443D-95CF-C287BE578B33}.AppStore|Mixed Platforms.ActiveCfg = Release|Any CPU
		{69AFF4C6-C1F0-443D-95CF-C287BE578B33}.AppStore|Mixed Platforms.Build.0 = Release|Any CPU
		{69AFF4C6-C1F0-443D-95CF-C287BE578B33}.Debug|Any CPU.ActiveCfg = Debug|Any CPU
		{69AFF4C6-C1F0-443D-95CF-C287BE578B33}.Debug|Any CPU.Build.0 = Debug|Any CPU
		{69AFF4C6-C1F0-443D-95CF-C287BE578B33}.Debug|iPhone.ActiveCfg = Debug|Any CPU
		{69AFF4C6-C1F0-443D-95CF-C287BE578B33}.Debug|iPhone.Build.0 = Debug|Any CPU
		{69AFF4C6-C1F0-443D-95CF-C287BE578B33}.Debug|iPhoneSimulator.ActiveCfg = Debug|Any CPU
		{69AFF4C6-C1F0-443D-95CF-C287BE578B33}.Debug|iPhoneSimulator.Build.0 = Debug|Any CPU
		{69AFF4C6-C1F0-443D-95CF-C287BE578B33}.Debug|Mixed Platforms.ActiveCfg = Debug|Any CPU
		{69AFF4C6-C1F0-443D-95CF-C287BE578B33}.Debug|Mixed Platforms.Build.0 = Debug|Any CPU
		{69AFF4C6-C1F0-443D-95CF-C287BE578B33}.Release|Any CPU.ActiveCfg = Release|Any CPU
		{69AFF4C6-C1F0-443D-95CF-C287BE578B33}.Release|Any CPU.Build.0 = Release|Any CPU
		{69AFF4C6-C1F0-443D-95CF-C287BE578B33}.Release|iPhone.ActiveCfg = Release|Any CPU
		{69AFF4C6-C1F0-443D-95CF-C287BE578B33}.Release|iPhone.Build.0 = Release|Any CPU
		{69AFF4C6-C1F0-443D-95CF-C287BE578B33}.Release|iPhoneSimulator.ActiveCfg = Release|Any CPU
		{69AFF4C6-C1F0-443D-95CF-C287BE578B33}.Release|iPhoneSimulator.Build.0 = Release|Any CPU
		{69AFF4C6-C1F0-443D-95CF-C287BE578B33}.Release|Mixed Platforms.ActiveCfg = Release|Any CPU
		{69AFF4C6-C1F0-443D-95CF-C287BE578B33}.Release|Mixed Platforms.Build.0 = Release|Any CPU
		{6F93232D-573D-4A76-994C-70B114F7DC85}.Ad-Hoc|Any CPU.ActiveCfg = Release|Any CPU
		{6F93232D-573D-4A76-994C-70B114F7DC85}.Ad-Hoc|Any CPU.Build.0 = Release|Any CPU
		{6F93232D-573D-4A76-994C-70B114F7DC85}.Ad-Hoc|iPhone.ActiveCfg = Release|Any CPU
		{6F93232D-573D-4A76-994C-70B114F7DC85}.Ad-Hoc|iPhone.Build.0 = Release|Any CPU
		{6F93232D-573D-4A76-994C-70B114F7DC85}.Ad-Hoc|iPhoneSimulator.ActiveCfg = Release|Any CPU
		{6F93232D-573D-4A76-994C-70B114F7DC85}.Ad-Hoc|iPhoneSimulator.Build.0 = Release|Any CPU
		{6F93232D-573D-4A76-994C-70B114F7DC85}.Ad-Hoc|Mixed Platforms.ActiveCfg = Release|Any CPU
		{6F93232D-573D-4A76-994C-70B114F7DC85}.Ad-Hoc|Mixed Platforms.Build.0 = Release|Any CPU
		{6F93232D-573D-4A76-994C-70B114F7DC85}.AppStore|Any CPU.ActiveCfg = Release|Any CPU
		{6F93232D-573D-4A76-994C-70B114F7DC85}.AppStore|Any CPU.Build.0 = Release|Any CPU
		{6F93232D-573D-4A76-994C-70B114F7DC85}.AppStore|iPhone.ActiveCfg = Release|Any CPU
		{6F93232D-573D-4A76-994C-70B114F7DC85}.AppStore|iPhone.Build.0 = Release|Any CPU
		{6F93232D-573D-4A76-994C-70B114F7DC85}.AppStore|iPhoneSimulator.ActiveCfg = Release|Any CPU
		{6F93232D-573D-4A76-994C-70B114F7DC85}.AppStore|iPhoneSimulator.Build.0 = Release|Any CPU
		{6F93232D-573D-4A76-994C-70B114F7DC85}.AppStore|Mixed Platforms.ActiveCfg = Release|Any CPU
		{6F93232D-573D-4A76-994C-70B114F7DC85}.AppStore|Mixed Platforms.Build.0 = Release|Any CPU
		{6F93232D-573D-4A76-994C-70B114F7DC85}.Debug|Any CPU.ActiveCfg = Debug|Any CPU
		{6F93232D-573D-4A76-994C-70B114F7DC85}.Debug|Any CPU.Build.0 = Debug|Any CPU
		{6F93232D-573D-4A76-994C-70B114F7DC85}.Debug|iPhone.ActiveCfg = Debug|Any CPU
		{6F93232D-573D-4A76-994C-70B114F7DC85}.Debug|iPhone.Build.0 = Debug|Any CPU
		{6F93232D-573D-4A76-994C-70B114F7DC85}.Debug|iPhoneSimulator.ActiveCfg = Debug|Any CPU
		{6F93232D-573D-4A76-994C-70B114F7DC85}.Debug|iPhoneSimulator.Build.0 = Debug|Any CPU
		{6F93232D-573D-4A76-994C-70B114F7DC85}.Debug|Mixed Platforms.ActiveCfg = Debug|Any CPU
		{6F93232D-573D-4A76-994C-70B114F7DC85}.Debug|Mixed Platforms.Build.0 = Debug|Any CPU
		{6F93232D-573D-4A76-994C-70B114F7DC85}.Release|Any CPU.ActiveCfg = Release|Any CPU
		{6F93232D-573D-4A76-994C-70B114F7DC85}.Release|Any CPU.Build.0 = Release|Any CPU
		{6F93232D-573D-4A76-994C-70B114F7DC85}.Release|iPhone.ActiveCfg = Release|Any CPU
		{6F93232D-573D-4A76-994C-70B114F7DC85}.Release|iPhone.Build.0 = Release|Any CPU
		{6F93232D-573D-4A76-994C-70B114F7DC85}.Release|iPhoneSimulator.ActiveCfg = Release|Any CPU
		{6F93232D-573D-4A76-994C-70B114F7DC85}.Release|iPhoneSimulator.Build.0 = Release|Any CPU
		{6F93232D-573D-4A76-994C-70B114F7DC85}.Release|Mixed Platforms.ActiveCfg = Release|Any CPU
		{6F93232D-573D-4A76-994C-70B114F7DC85}.Release|Mixed Platforms.Build.0 = Release|Any CPU
		{8435EBAA-F90A-4D57-BF8F-91470E65F72A}.Ad-Hoc|Any CPU.ActiveCfg = Release|Any CPU
		{8435EBAA-F90A-4D57-BF8F-91470E65F72A}.Ad-Hoc|Any CPU.Build.0 = Release|Any CPU
		{8435EBAA-F90A-4D57-BF8F-91470E65F72A}.Ad-Hoc|Any CPU.Deploy.0 = Release|Any CPU
		{8435EBAA-F90A-4D57-BF8F-91470E65F72A}.Ad-Hoc|iPhone.ActiveCfg = Release|Any CPU
		{8435EBAA-F90A-4D57-BF8F-91470E65F72A}.Ad-Hoc|iPhoneSimulator.ActiveCfg = Release|Any CPU
		{8435EBAA-F90A-4D57-BF8F-91470E65F72A}.Ad-Hoc|Mixed Platforms.ActiveCfg = Release|Any CPU
		{8435EBAA-F90A-4D57-BF8F-91470E65F72A}.Ad-Hoc|Mixed Platforms.Build.0 = Release|Any CPU
		{8435EBAA-F90A-4D57-BF8F-91470E65F72A}.Ad-Hoc|Mixed Platforms.Deploy.0 = Release|Any CPU
		{8435EBAA-F90A-4D57-BF8F-91470E65F72A}.AppStore|Any CPU.ActiveCfg = Release|Any CPU
		{8435EBAA-F90A-4D57-BF8F-91470E65F72A}.AppStore|Any CPU.Build.0 = Release|Any CPU
		{8435EBAA-F90A-4D57-BF8F-91470E65F72A}.AppStore|Any CPU.Deploy.0 = Release|Any CPU
		{8435EBAA-F90A-4D57-BF8F-91470E65F72A}.AppStore|iPhone.ActiveCfg = Release|Any CPU
		{8435EBAA-F90A-4D57-BF8F-91470E65F72A}.AppStore|iPhoneSimulator.ActiveCfg = Release|Any CPU
		{8435EBAA-F90A-4D57-BF8F-91470E65F72A}.AppStore|Mixed Platforms.ActiveCfg = Release|Any CPU
		{8435EBAA-F90A-4D57-BF8F-91470E65F72A}.AppStore|Mixed Platforms.Build.0 = Release|Any CPU
		{8435EBAA-F90A-4D57-BF8F-91470E65F72A}.AppStore|Mixed Platforms.Deploy.0 = Release|Any CPU
		{8435EBAA-F90A-4D57-BF8F-91470E65F72A}.Debug|Any CPU.ActiveCfg = Debug|Any CPU
		{8435EBAA-F90A-4D57-BF8F-91470E65F72A}.Debug|Any CPU.Build.0 = Debug|Any CPU
		{8435EBAA-F90A-4D57-BF8F-91470E65F72A}.Debug|Any CPU.Deploy.0 = Debug|Any CPU
		{8435EBAA-F90A-4D57-BF8F-91470E65F72A}.Debug|iPhone.ActiveCfg = Debug|Any CPU
		{8435EBAA-F90A-4D57-BF8F-91470E65F72A}.Debug|iPhoneSimulator.ActiveCfg = Debug|Any CPU
		{8435EBAA-F90A-4D57-BF8F-91470E65F72A}.Debug|iPhoneSimulator.Deploy.0 = Debug|Any CPU
		{8435EBAA-F90A-4D57-BF8F-91470E65F72A}.Debug|Mixed Platforms.ActiveCfg = Debug|Any CPU
		{8435EBAA-F90A-4D57-BF8F-91470E65F72A}.Debug|Mixed Platforms.Build.0 = Debug|Any CPU
		{8435EBAA-F90A-4D57-BF8F-91470E65F72A}.Debug|Mixed Platforms.Deploy.0 = Debug|Any CPU
		{8435EBAA-F90A-4D57-BF8F-91470E65F72A}.Release|Any CPU.ActiveCfg = Release|Any CPU
		{8435EBAA-F90A-4D57-BF8F-91470E65F72A}.Release|Any CPU.Build.0 = Release|Any CPU
		{8435EBAA-F90A-4D57-BF8F-91470E65F72A}.Release|Any CPU.Deploy.0 = Release|Any CPU
		{8435EBAA-F90A-4D57-BF8F-91470E65F72A}.Release|iPhone.ActiveCfg = Release|Any CPU
		{8435EBAA-F90A-4D57-BF8F-91470E65F72A}.Release|iPhoneSimulator.ActiveCfg = Release|Any CPU
		{8435EBAA-F90A-4D57-BF8F-91470E65F72A}.Release|Mixed Platforms.ActiveCfg = Release|Any CPU
		{8435EBAA-F90A-4D57-BF8F-91470E65F72A}.Release|Mixed Platforms.Build.0 = Release|Any CPU
		{8435EBAA-F90A-4D57-BF8F-91470E65F72A}.Release|Mixed Platforms.Deploy.0 = Release|Any CPU
		{85236BFA-52D9-4FC5-9B63-4092E1007BA5}.Ad-Hoc|Any CPU.ActiveCfg = Release|Any CPU
		{85236BFA-52D9-4FC5-9B63-4092E1007BA5}.Ad-Hoc|Any CPU.Build.0 = Release|Any CPU
		{85236BFA-52D9-4FC5-9B63-4092E1007BA5}.Ad-Hoc|iPhone.ActiveCfg = Release|Any CPU
		{85236BFA-52D9-4FC5-9B63-4092E1007BA5}.Ad-Hoc|iPhone.Build.0 = Release|Any CPU
		{85236BFA-52D9-4FC5-9B63-4092E1007BA5}.Ad-Hoc|iPhoneSimulator.ActiveCfg = Release|Any CPU
		{85236BFA-52D9-4FC5-9B63-4092E1007BA5}.Ad-Hoc|iPhoneSimulator.Build.0 = Release|Any CPU
		{85236BFA-52D9-4FC5-9B63-4092E1007BA5}.Ad-Hoc|Mixed Platforms.ActiveCfg = Release|Any CPU
		{85236BFA-52D9-4FC5-9B63-4092E1007BA5}.Ad-Hoc|Mixed Platforms.Build.0 = Release|Any CPU
		{85236BFA-52D9-4FC5-9B63-4092E1007BA5}.AppStore|Any CPU.ActiveCfg = Release|Any CPU
		{85236BFA-52D9-4FC5-9B63-4092E1007BA5}.AppStore|Any CPU.Build.0 = Release|Any CPU
		{85236BFA-52D9-4FC5-9B63-4092E1007BA5}.AppStore|iPhone.ActiveCfg = Release|Any CPU
		{85236BFA-52D9-4FC5-9B63-4092E1007BA5}.AppStore|iPhone.Build.0 = Release|Any CPU
		{85236BFA-52D9-4FC5-9B63-4092E1007BA5}.AppStore|iPhoneSimulator.ActiveCfg = Release|Any CPU
		{85236BFA-52D9-4FC5-9B63-4092E1007BA5}.AppStore|iPhoneSimulator.Build.0 = Release|Any CPU
		{85236BFA-52D9-4FC5-9B63-4092E1007BA5}.AppStore|Mixed Platforms.ActiveCfg = Release|Any CPU
		{85236BFA-52D9-4FC5-9B63-4092E1007BA5}.AppStore|Mixed Platforms.Build.0 = Release|Any CPU
		{85236BFA-52D9-4FC5-9B63-4092E1007BA5}.Debug|Any CPU.ActiveCfg = Debug|Any CPU
		{85236BFA-52D9-4FC5-9B63-4092E1007BA5}.Debug|Any CPU.Build.0 = Debug|Any CPU
		{85236BFA-52D9-4FC5-9B63-4092E1007BA5}.Debug|iPhone.ActiveCfg = Debug|Any CPU
		{85236BFA-52D9-4FC5-9B63-4092E1007BA5}.Debug|iPhone.Build.0 = Debug|Any CPU
		{85236BFA-52D9-4FC5-9B63-4092E1007BA5}.Debug|iPhoneSimulator.ActiveCfg = Debug|Any CPU
		{85236BFA-52D9-4FC5-9B63-4092E1007BA5}.Debug|iPhoneSimulator.Build.0 = Debug|Any CPU
		{85236BFA-52D9-4FC5-9B63-4092E1007BA5}.Debug|Mixed Platforms.ActiveCfg = Debug|Any CPU
		{85236BFA-52D9-4FC5-9B63-4092E1007BA5}.Debug|Mixed Platforms.Build.0 = Debug|Any CPU
		{85236BFA-52D9-4FC5-9B63-4092E1007BA5}.Release|Any CPU.ActiveCfg = Release|Any CPU
		{85236BFA-52D9-4FC5-9B63-4092E1007BA5}.Release|Any CPU.Build.0 = Release|Any CPU
		{85236BFA-52D9-4FC5-9B63-4092E1007BA5}.Release|iPhone.ActiveCfg = Release|Any CPU
		{85236BFA-52D9-4FC5-9B63-4092E1007BA5}.Release|iPhone.Build.0 = Release|Any CPU
		{85236BFA-52D9-4FC5-9B63-4092E1007BA5}.Release|iPhoneSimulator.ActiveCfg = Release|Any CPU
		{85236BFA-52D9-4FC5-9B63-4092E1007BA5}.Release|iPhoneSimulator.Build.0 = Release|Any CPU
		{85236BFA-52D9-4FC5-9B63-4092E1007BA5}.Release|Mixed Platforms.ActiveCfg = Release|Any CPU
		{85236BFA-52D9-4FC5-9B63-4092E1007BA5}.Release|Mixed Platforms.Build.0 = Release|Any CPU
		{A150BFF4-DFDB-4B0C-AD7F-DB1E7BFF544D}.Ad-Hoc|Any CPU.ActiveCfg = Release|Any CPU
		{A150BFF4-DFDB-4B0C-AD7F-DB1E7BFF544D}.Ad-Hoc|Any CPU.Build.0 = Release|Any CPU
		{A150BFF4-DFDB-4B0C-AD7F-DB1E7BFF544D}.Ad-Hoc|iPhone.ActiveCfg = Release|Any CPU
		{A150BFF4-DFDB-4B0C-AD7F-DB1E7BFF544D}.Ad-Hoc|iPhone.Build.0 = Release|Any CPU
		{A150BFF4-DFDB-4B0C-AD7F-DB1E7BFF544D}.Ad-Hoc|iPhoneSimulator.ActiveCfg = Release|Any CPU
		{A150BFF4-DFDB-4B0C-AD7F-DB1E7BFF544D}.Ad-Hoc|iPhoneSimulator.Build.0 = Release|Any CPU
		{A150BFF4-DFDB-4B0C-AD7F-DB1E7BFF544D}.Ad-Hoc|Mixed Platforms.ActiveCfg = Release|Any CPU
		{A150BFF4-DFDB-4B0C-AD7F-DB1E7BFF544D}.Ad-Hoc|Mixed Platforms.Build.0 = Release|Any CPU
		{A150BFF4-DFDB-4B0C-AD7F-DB1E7BFF544D}.AppStore|Any CPU.ActiveCfg = Release|Any CPU
		{A150BFF4-DFDB-4B0C-AD7F-DB1E7BFF544D}.AppStore|Any CPU.Build.0 = Release|Any CPU
		{A150BFF4-DFDB-4B0C-AD7F-DB1E7BFF544D}.AppStore|iPhone.ActiveCfg = Release|Any CPU
		{A150BFF4-DFDB-4B0C-AD7F-DB1E7BFF544D}.AppStore|iPhone.Build.0 = Release|Any CPU
		{A150BFF4-DFDB-4B0C-AD7F-DB1E7BFF544D}.AppStore|iPhoneSimulator.ActiveCfg = Release|Any CPU
		{A150BFF4-DFDB-4B0C-AD7F-DB1E7BFF544D}.AppStore|iPhoneSimulator.Build.0 = Release|Any CPU
		{A150BFF4-DFDB-4B0C-AD7F-DB1E7BFF544D}.AppStore|Mixed Platforms.ActiveCfg = Release|Any CPU
		{A150BFF4-DFDB-4B0C-AD7F-DB1E7BFF544D}.AppStore|Mixed Platforms.Build.0 = Release|Any CPU
		{A150BFF4-DFDB-4B0C-AD7F-DB1E7BFF544D}.Debug|Any CPU.ActiveCfg = Debug|Any CPU
		{A150BFF4-DFDB-4B0C-AD7F-DB1E7BFF544D}.Debug|Any CPU.Build.0 = Debug|Any CPU
		{A150BFF4-DFDB-4B0C-AD7F-DB1E7BFF544D}.Debug|iPhone.ActiveCfg = Debug|Any CPU
		{A150BFF4-DFDB-4B0C-AD7F-DB1E7BFF544D}.Debug|iPhone.Build.0 = Debug|Any CPU
		{A150BFF4-DFDB-4B0C-AD7F-DB1E7BFF544D}.Debug|iPhoneSimulator.ActiveCfg = Debug|Any CPU
		{A150BFF4-DFDB-4B0C-AD7F-DB1E7BFF544D}.Debug|iPhoneSimulator.Build.0 = Debug|Any CPU
		{A150BFF4-DFDB-4B0C-AD7F-DB1E7BFF544D}.Debug|Mixed Platforms.ActiveCfg = Debug|Any CPU
		{A150BFF4-DFDB-4B0C-AD7F-DB1E7BFF544D}.Debug|Mixed Platforms.Build.0 = Debug|Any CPU
		{A150BFF4-DFDB-4B0C-AD7F-DB1E7BFF544D}.Release|Any CPU.ActiveCfg = Release|Any CPU
		{A150BFF4-DFDB-4B0C-AD7F-DB1E7BFF544D}.Release|Any CPU.Build.0 = Release|Any CPU
		{A150BFF4-DFDB-4B0C-AD7F-DB1E7BFF544D}.Release|iPhone.ActiveCfg = Release|Any CPU
		{A150BFF4-DFDB-4B0C-AD7F-DB1E7BFF544D}.Release|iPhone.Build.0 = Release|Any CPU
		{A150BFF4-DFDB-4B0C-AD7F-DB1E7BFF544D}.Release|iPhoneSimulator.ActiveCfg = Release|Any CPU
		{A150BFF4-DFDB-4B0C-AD7F-DB1E7BFF544D}.Release|iPhoneSimulator.Build.0 = Release|Any CPU
		{A150BFF4-DFDB-4B0C-AD7F-DB1E7BFF544D}.Release|Mixed Platforms.ActiveCfg = Release|Any CPU
		{A150BFF4-DFDB-4B0C-AD7F-DB1E7BFF544D}.Release|Mixed Platforms.Build.0 = Release|Any CPU
		{DBC61762-74CD-4597-87FC-DB53B7D4E735}.Ad-Hoc|Any CPU.ActiveCfg = Release|Any CPU
		{DBC61762-74CD-4597-87FC-DB53B7D4E735}.Ad-Hoc|Any CPU.Build.0 = Release|Any CPU
		{DBC61762-74CD-4597-87FC-DB53B7D4E735}.Ad-Hoc|iPhone.ActiveCfg = Release|Any CPU
		{DBC61762-74CD-4597-87FC-DB53B7D4E735}.Ad-Hoc|iPhone.Build.0 = Release|Any CPU
		{DBC61762-74CD-4597-87FC-DB53B7D4E735}.Ad-Hoc|iPhoneSimulator.ActiveCfg = Release|Any CPU
		{DBC61762-74CD-4597-87FC-DB53B7D4E735}.Ad-Hoc|iPhoneSimulator.Build.0 = Release|Any CPU
		{DBC61762-74CD-4597-87FC-DB53B7D4E735}.Ad-Hoc|Mixed Platforms.ActiveCfg = Release|Any CPU
		{DBC61762-74CD-4597-87FC-DB53B7D4E735}.Ad-Hoc|Mixed Platforms.Build.0 = Release|Any CPU
		{DBC61762-74CD-4597-87FC-DB53B7D4E735}.AppStore|Any CPU.ActiveCfg = Release|Any CPU
		{DBC61762-74CD-4597-87FC-DB53B7D4E735}.AppStore|Any CPU.Build.0 = Release|Any CPU
		{DBC61762-74CD-4597-87FC-DB53B7D4E735}.AppStore|iPhone.ActiveCfg = Release|Any CPU
		{DBC61762-74CD-4597-87FC-DB53B7D4E735}.AppStore|iPhone.Build.0 = Release|Any CPU
		{DBC61762-74CD-4597-87FC-DB53B7D4E735}.AppStore|iPhoneSimulator.ActiveCfg = Release|Any CPU
		{DBC61762-74CD-4597-87FC-DB53B7D4E735}.AppStore|iPhoneSimulator.Build.0 = Release|Any CPU
		{DBC61762-74CD-4597-87FC-DB53B7D4E735}.AppStore|Mixed Platforms.ActiveCfg = Release|Any CPU
		{DBC61762-74CD-4597-87FC-DB53B7D4E735}.AppStore|Mixed Platforms.Build.0 = Release|Any CPU
		{DBC61762-74CD-4597-87FC-DB53B7D4E735}.Debug|Any CPU.ActiveCfg = Debug|Any CPU
		{DBC61762-74CD-4597-87FC-DB53B7D4E735}.Debug|Any CPU.Build.0 = Debug|Any CPU
		{DBC61762-74CD-4597-87FC-DB53B7D4E735}.Debug|iPhone.ActiveCfg = Debug|Any CPU
		{DBC61762-74CD-4597-87FC-DB53B7D4E735}.Debug|iPhone.Build.0 = Debug|Any CPU
		{DBC61762-74CD-4597-87FC-DB53B7D4E735}.Debug|iPhoneSimulator.ActiveCfg = Debug|Any CPU
		{DBC61762-74CD-4597-87FC-DB53B7D4E735}.Debug|iPhoneSimulator.Build.0 = Debug|Any CPU
		{DBC61762-74CD-4597-87FC-DB53B7D4E735}.Debug|Mixed Platforms.ActiveCfg = Debug|Any CPU
		{DBC61762-74CD-4597-87FC-DB53B7D4E735}.Debug|Mixed Platforms.Build.0 = Debug|Any CPU
		{DBC61762-74CD-4597-87FC-DB53B7D4E735}.Release|Any CPU.ActiveCfg = Release|Any CPU
		{DBC61762-74CD-4597-87FC-DB53B7D4E735}.Release|Any CPU.Build.0 = Release|Any CPU
		{DBC61762-74CD-4597-87FC-DB53B7D4E735}.Release|iPhone.ActiveCfg = Release|Any CPU
		{DBC61762-74CD-4597-87FC-DB53B7D4E735}.Release|iPhone.Build.0 = Release|Any CPU
		{DBC61762-74CD-4597-87FC-DB53B7D4E735}.Release|iPhoneSimulator.ActiveCfg = Release|Any CPU
		{DBC61762-74CD-4597-87FC-DB53B7D4E735}.Release|iPhoneSimulator.Build.0 = Release|Any CPU
		{DBC61762-74CD-4597-87FC-DB53B7D4E735}.Release|Mixed Platforms.ActiveCfg = Release|Any CPU
		{DBC61762-74CD-4597-87FC-DB53B7D4E735}.Release|Mixed Platforms.Build.0 = Release|Any CPU
		{E3EE9CED-F2DF-4B5D-ADDC-1EADB4219E09}.Ad-Hoc|Any CPU.ActiveCfg = Release|Any CPU
		{E3EE9CED-F2DF-4B5D-ADDC-1EADB4219E09}.Ad-Hoc|Any CPU.Build.0 = Release|Any CPU
		{E3EE9CED-F2DF-4B5D-ADDC-1EADB4219E09}.Ad-Hoc|iPhone.ActiveCfg = Release|Any CPU
		{E3EE9CED-F2DF-4B5D-ADDC-1EADB4219E09}.Ad-Hoc|iPhone.Build.0 = Release|Any CPU
		{E3EE9CED-F2DF-4B5D-ADDC-1EADB4219E09}.Ad-Hoc|iPhoneSimulator.ActiveCfg = Release|Any CPU
		{E3EE9CED-F2DF-4B5D-ADDC-1EADB4219E09}.Ad-Hoc|iPhoneSimulator.Build.0 = Release|Any CPU
		{E3EE9CED-F2DF-4B5D-ADDC-1EADB4219E09}.Ad-Hoc|Mixed Platforms.ActiveCfg = Release|Any CPU
		{E3EE9CED-F2DF-4B5D-ADDC-1EADB4219E09}.Ad-Hoc|Mixed Platforms.Build.0 = Release|Any CPU
		{E3EE9CED-F2DF-4B5D-ADDC-1EADB4219E09}.AppStore|Any CPU.ActiveCfg = Release|Any CPU
		{E3EE9CED-F2DF-4B5D-ADDC-1EADB4219E09}.AppStore|Any CPU.Build.0 = Release|Any CPU
		{E3EE9CED-F2DF-4B5D-ADDC-1EADB4219E09}.AppStore|iPhone.ActiveCfg = Release|Any CPU
		{E3EE9CED-F2DF-4B5D-ADDC-1EADB4219E09}.AppStore|iPhone.Build.0 = Release|Any CPU
		{E3EE9CED-F2DF-4B5D-ADDC-1EADB4219E09}.AppStore|iPhoneSimulator.ActiveCfg = Release|Any CPU
		{E3EE9CED-F2DF-4B5D-ADDC-1EADB4219E09}.AppStore|iPhoneSimulator.Build.0 = Release|Any CPU
		{E3EE9CED-F2DF-4B5D-ADDC-1EADB4219E09}.AppStore|Mixed Platforms.ActiveCfg = Release|Any CPU
		{E3EE9CED-F2DF-4B5D-ADDC-1EADB4219E09}.AppStore|Mixed Platforms.Build.0 = Release|Any CPU
		{E3EE9CED-F2DF-4B5D-ADDC-1EADB4219E09}.Debug|Any CPU.ActiveCfg = Debug|Any CPU
		{E3EE9CED-F2DF-4B5D-ADDC-1EADB4219E09}.Debug|Any CPU.Build.0 = Debug|Any CPU
		{E3EE9CED-F2DF-4B5D-ADDC-1EADB4219E09}.Debug|iPhone.ActiveCfg = Debug|Any CPU
		{E3EE9CED-F2DF-4B5D-ADDC-1EADB4219E09}.Debug|iPhone.Build.0 = Debug|Any CPU
		{E3EE9CED-F2DF-4B5D-ADDC-1EADB4219E09}.Debug|iPhoneSimulator.ActiveCfg = Debug|Any CPU
		{E3EE9CED-F2DF-4B5D-ADDC-1EADB4219E09}.Debug|iPhoneSimulator.Build.0 = Debug|Any CPU
		{E3EE9CED-F2DF-4B5D-ADDC-1EADB4219E09}.Debug|Mixed Platforms.ActiveCfg = Debug|Any CPU
		{E3EE9CED-F2DF-4B5D-ADDC-1EADB4219E09}.Debug|Mixed Platforms.Build.0 = Debug|Any CPU
		{E3EE9CED-F2DF-4B5D-ADDC-1EADB4219E09}.Release|Any CPU.ActiveCfg = Release|Any CPU
		{E3EE9CED-F2DF-4B5D-ADDC-1EADB4219E09}.Release|Any CPU.Build.0 = Release|Any CPU
		{E3EE9CED-F2DF-4B5D-ADDC-1EADB4219E09}.Release|iPhone.ActiveCfg = Release|Any CPU
		{E3EE9CED-F2DF-4B5D-ADDC-1EADB4219E09}.Release|iPhone.Build.0 = Release|Any CPU
		{E3EE9CED-F2DF-4B5D-ADDC-1EADB4219E09}.Release|iPhoneSimulator.ActiveCfg = Release|Any CPU
		{E3EE9CED-F2DF-4B5D-ADDC-1EADB4219E09}.Release|iPhoneSimulator.Build.0 = Release|Any CPU
		{E3EE9CED-F2DF-4B5D-ADDC-1EADB4219E09}.Release|Mixed Platforms.ActiveCfg = Release|Any CPU
		{E3EE9CED-F2DF-4B5D-ADDC-1EADB4219E09}.Release|Mixed Platforms.Build.0 = Release|Any CPU
		{E59A5690-3CA0-4BE2-A65B-A82D1C7D0016}.Ad-Hoc|Any CPU.ActiveCfg = Release|Any CPU
		{E59A5690-3CA0-4BE2-A65B-A82D1C7D0016}.Ad-Hoc|Any CPU.Build.0 = Release|Any CPU
		{E59A5690-3CA0-4BE2-A65B-A82D1C7D0016}.Ad-Hoc|iPhone.ActiveCfg = Release|Any CPU
		{E59A5690-3CA0-4BE2-A65B-A82D1C7D0016}.Ad-Hoc|iPhoneSimulator.ActiveCfg = Release|Any CPU
		{E59A5690-3CA0-4BE2-A65B-A82D1C7D0016}.Ad-Hoc|Mixed Platforms.ActiveCfg = Release|Any CPU
		{E59A5690-3CA0-4BE2-A65B-A82D1C7D0016}.Ad-Hoc|Mixed Platforms.Build.0 = Release|Any CPU
		{E59A5690-3CA0-4BE2-A65B-A82D1C7D0016}.AppStore|Any CPU.ActiveCfg = Release|Any CPU
		{E59A5690-3CA0-4BE2-A65B-A82D1C7D0016}.AppStore|Any CPU.Build.0 = Release|Any CPU
		{E59A5690-3CA0-4BE2-A65B-A82D1C7D0016}.AppStore|iPhone.ActiveCfg = Release|Any CPU
		{E59A5690-3CA0-4BE2-A65B-A82D1C7D0016}.AppStore|iPhoneSimulator.ActiveCfg = Release|Any CPU
		{E59A5690-3CA0-4BE2-A65B-A82D1C7D0016}.AppStore|Mixed Platforms.ActiveCfg = Release|Any CPU
		{E59A5690-3CA0-4BE2-A65B-A82D1C7D0016}.AppStore|Mixed Platforms.Build.0 = Release|Any CPU
		{E59A5690-3CA0-4BE2-A65B-A82D1C7D0016}.Debug|Any CPU.ActiveCfg = Debug|Any CPU
		{E59A5690-3CA0-4BE2-A65B-A82D1C7D0016}.Debug|Any CPU.Build.0 = Debug|Any CPU
		{E59A5690-3CA0-4BE2-A65B-A82D1C7D0016}.Debug|iPhone.ActiveCfg = Debug|Any CPU
		{E59A5690-3CA0-4BE2-A65B-A82D1C7D0016}.Debug|iPhoneSimulator.ActiveCfg = Debug|Any CPU
		{E59A5690-3CA0-4BE2-A65B-A82D1C7D0016}.Debug|Mixed Platforms.ActiveCfg = Debug|Any CPU
		{E59A5690-3CA0-4BE2-A65B-A82D1C7D0016}.Debug|Mixed Platforms.Build.0 = Debug|Any CPU
		{E59A5690-3CA0-4BE2-A65B-A82D1C7D0016}.Release|Any CPU.ActiveCfg = Release|Any CPU
		{E59A5690-3CA0-4BE2-A65B-A82D1C7D0016}.Release|Any CPU.Build.0 = Release|Any CPU
		{E59A5690-3CA0-4BE2-A65B-A82D1C7D0016}.Release|iPhone.ActiveCfg = Release|Any CPU
		{E59A5690-3CA0-4BE2-A65B-A82D1C7D0016}.Release|iPhoneSimulator.ActiveCfg = Release|Any CPU
		{E59A5690-3CA0-4BE2-A65B-A82D1C7D0016}.Release|Mixed Platforms.ActiveCfg = Release|Any CPU
		{E59A5690-3CA0-4BE2-A65B-A82D1C7D0016}.Release|Mixed Platforms.Build.0 = Release|Any CPU
		{934B5323-D59F-49BC-AC5C-ECAA5CE10803}.Ad-Hoc|Any CPU.ActiveCfg = Release|Any CPU
		{934B5323-D59F-49BC-AC5C-ECAA5CE10803}.Ad-Hoc|Any CPU.Build.0 = Release|Any CPU
		{934B5323-D59F-49BC-AC5C-ECAA5CE10803}.Ad-Hoc|iPhone.ActiveCfg = Release|Any CPU
		{934B5323-D59F-49BC-AC5C-ECAA5CE10803}.Ad-Hoc|iPhone.Build.0 = Release|Any CPU
		{934B5323-D59F-49BC-AC5C-ECAA5CE10803}.Ad-Hoc|iPhoneSimulator.ActiveCfg = Release|Any CPU
		{934B5323-D59F-49BC-AC5C-ECAA5CE10803}.Ad-Hoc|iPhoneSimulator.Build.0 = Release|Any CPU
		{934B5323-D59F-49BC-AC5C-ECAA5CE10803}.Ad-Hoc|Mixed Platforms.ActiveCfg = Release|Any CPU
		{934B5323-D59F-49BC-AC5C-ECAA5CE10803}.Ad-Hoc|Mixed Platforms.Build.0 = Release|Any CPU
		{934B5323-D59F-49BC-AC5C-ECAA5CE10803}.AppStore|Any CPU.ActiveCfg = Release|Any CPU
		{934B5323-D59F-49BC-AC5C-ECAA5CE10803}.AppStore|Any CPU.Build.0 = Release|Any CPU
		{934B5323-D59F-49BC-AC5C-ECAA5CE10803}.AppStore|iPhone.ActiveCfg = Release|Any CPU
		{934B5323-D59F-49BC-AC5C-ECAA5CE10803}.AppStore|iPhone.Build.0 = Release|Any CPU
		{934B5323-D59F-49BC-AC5C-ECAA5CE10803}.AppStore|iPhoneSimulator.ActiveCfg = Release|Any CPU
		{934B5323-D59F-49BC-AC5C-ECAA5CE10803}.AppStore|iPhoneSimulator.Build.0 = Release|Any CPU
		{934B5323-D59F-49BC-AC5C-ECAA5CE10803}.AppStore|Mixed Platforms.ActiveCfg = Release|Any CPU
		{934B5323-D59F-49BC-AC5C-ECAA5CE10803}.AppStore|Mixed Platforms.Build.0 = Release|Any CPU
		{934B5323-D59F-49BC-AC5C-ECAA5CE10803}.Debug|Any CPU.ActiveCfg = Debug|Any CPU
		{934B5323-D59F-49BC-AC5C-ECAA5CE10803}.Debug|Any CPU.Build.0 = Debug|Any CPU
		{934B5323-D59F-49BC-AC5C-ECAA5CE10803}.Debug|iPhone.ActiveCfg = Debug|Any CPU
		{934B5323-D59F-49BC-AC5C-ECAA5CE10803}.Debug|iPhone.Build.0 = Debug|Any CPU
		{934B5323-D59F-49BC-AC5C-ECAA5CE10803}.Debug|iPhoneSimulator.ActiveCfg = Debug|Any CPU
		{934B5323-D59F-49BC-AC5C-ECAA5CE10803}.Debug|iPhoneSimulator.Build.0 = Debug|Any CPU
		{934B5323-D59F-49BC-AC5C-ECAA5CE10803}.Debug|Mixed Platforms.ActiveCfg = Debug|Any CPU
		{934B5323-D59F-49BC-AC5C-ECAA5CE10803}.Debug|Mixed Platforms.Build.0 = Debug|Any CPU
		{934B5323-D59F-49BC-AC5C-ECAA5CE10803}.Release|Any CPU.ActiveCfg = Release|Any CPU
		{934B5323-D59F-49BC-AC5C-ECAA5CE10803}.Release|Any CPU.Build.0 = Release|Any CPU
		{934B5323-D59F-49BC-AC5C-ECAA5CE10803}.Release|iPhone.ActiveCfg = Release|Any CPU
		{934B5323-D59F-49BC-AC5C-ECAA5CE10803}.Release|iPhone.Build.0 = Release|Any CPU
		{934B5323-D59F-49BC-AC5C-ECAA5CE10803}.Release|iPhoneSimulator.ActiveCfg = Release|Any CPU
		{934B5323-D59F-49BC-AC5C-ECAA5CE10803}.Release|iPhoneSimulator.Build.0 = Release|Any CPU
		{934B5323-D59F-49BC-AC5C-ECAA5CE10803}.Release|Mixed Platforms.ActiveCfg = Release|Any CPU
		{934B5323-D59F-49BC-AC5C-ECAA5CE10803}.Release|Mixed Platforms.Build.0 = Release|Any CPU
	EndGlobalSection
	GlobalSection(NestedProjects) = preSolution
		{594E12D5-D071-41E0-ACA7-84B72CB6B707} = {B7E1EAC1-1322-401C-AFA0-57EF57180EBF}
		{8435EBAA-F90A-4D57-BF8F-91470E65F72A} = {B7E1EAC1-1322-401C-AFA0-57EF57180EBF}
		{0EEC2269-739A-43C7-A104-81F083695915} = {A4F36B24-642B-45C2-A3D5-3090B74CD67D}
		{5163A1A8-D45B-4289-8BDB-6C31260414D5} = {A4F36B24-642B-45C2-A3D5-3090B74CD67D}
		{6F93232D-573D-4A76-994C-70B114F7DC85} = {E20C8BA9-1ACE-4FBF-85E9-B584F3EBF132}
		{E3EE9CED-F2DF-4B5D-ADDC-1EADB4219E09} = {E20C8BA9-1ACE-4FBF-85E9-B584F3EBF132}
		{DBC61762-74CD-4597-87FC-DB53B7D4E735} = {E20C8BA9-1ACE-4FBF-85E9-B584F3EBF132}
	EndGlobalSection
	GlobalSection(SolutionProperties) = preSolution
		HideSolutionNode = FALSE
	EndGlobalSection
EndGlobal
